
Microsoft Visual Studio Solution File, Format Version 12.00
# Visual Studio Version 17
VisualStudioVersion = 17.4.33213.308
MinimumVisualStudioVersion = 10.0.40219.1
Project("{9A19103F-16F7-4668-BE54-9A1E7A4F7556}") = "BluetoothSSIConnect", "BluetoothSSIConnect\BluetoothSSIConnect.csproj", "{C575EFA9-3CD7-49E8-A34E-40365419CE8E}"
EndProject
Project("{9A19103F-16F7-4668-BE54-9A1E7A4F7556}") = "Sample", "Sample\Sample.csproj", "{519C681B-984E-495D-A32E-8E6E18E4C218}"
EndProject
Project("{2150E333-8FDC-42A3-9474-1A3956D46DE8}") = "Solution Items", "Solution Items", "{51826570-B549-473C-9DD5-B14B079DDB82}"
	ProjectSection(SolutionItems) = preProject
		README.md = README.md
	EndProjectSection
EndProject
Global
	GlobalSection(SolutionConfigurationPlatforms) = preSolution
		Debug|Any CPU = Debug|Any CPU
		Release|Any CPU = Release|Any CPU
	EndGlobalSection
	GlobalSection(ProjectConfigurationPlatforms) = postSolution
		{C575EFA9-3CD7-49E8-A34E-40365419CE8E}.Debug|Any CPU.ActiveCfg = Debug|Any CPU
		{C575EFA9-3CD7-49E8-A34E-40365419CE8E}.Debug|Any CPU.Build.0 = Debug|Any CPU
		{C575EFA9-3CD7-49E8-A34E-40365419CE8E}.Release|Any CPU.ActiveCfg = Release|Any CPU
		{C575EFA9-3CD7-49E8-A34E-40365419CE8E}.Release|Any CPU.Build.0 = Release|Any CPU
		{519C681B-984E-495D-A32E-8E6E18E4C218}.Debug|Any CPU.ActiveCfg = Debug|Any CPU
		{519C681B-984E-495D-A32E-8E6E18E4C218}.Debug|Any CPU.Build.0 = Debug|Any CPU
		{519C681B-984E-495D-A32E-8E6E18E4C218}.Release|Any CPU.ActiveCfg = Release|Any CPU
		{519C681B-984E-495D-A32E-8E6E18E4C218}.Release|Any CPU.Build.0 = Release|Any CPU
	EndGlobalSection
	GlobalSection(SolutionProperties) = preSolution
		HideSolutionNode = FALSE
	EndGlobalSection
	GlobalSection(ExtensibilityGlobals) = postSolution
		SolutionGuid = {D965DC90-EF00-4E92-BFBD-04E2D31FF262}
	EndGlobalSection
EndGlobal
